// !$*UTF8*$!
{
	archiveVersion = 1;
	classes = {
	};
	objectVersion = 56;
	objects = {

/* Begin PBXBuildFile section */
		8BC1206F2BA0920C0099A105 /* RootsApp.swift in Sources */ = {isa = PBXBuildFile; fileRef = 8BC1206E2BA0920C0099A105 /* RootsApp.swift */; };
		8BC120712BA0920C0099A105 /* ContentView.swift in Sources */ = {isa = PBXBuildFile; fileRef = 8BC120702BA0920C0099A105 /* ContentView.swift */; };
		8BC120732BA0920E0099A105 /* Assets.xcassets in Resources */ = {isa = PBXBuildFile; fileRef = 8BC120722BA0920E0099A105 /* Assets.xcassets */; };
		8BC120762BA0920E0099A105 /* Preview Assets.xcassets in Resources */ = {isa = PBXBuildFile; fileRef = 8BC120752BA0920E0099A105 /* Preview Assets.xcassets */; };
		8BC120782BA0920E0099A105 /* Persistence.swift in Sources */ = {isa = PBXBuildFile; fileRef = 8BC120772BA0920E0099A105 /* Persistence.swift */; };
		8BC1207B2BA0920E0099A105 /* Roots.xcdatamodeld in Sources */ = {isa = PBXBuildFile; fileRef = 8BC120792BA0920E0099A105 /* Roots.xcdatamodeld */; };
		8BC120852BA0920E0099A105 /* RootsTests.swift in Sources */ = {isa = PBXBuildFile; fileRef = 8BC120842BA0920E0099A105 /* RootsTests.swift */; };
		8BC1208F2BA0920E0099A105 /* RootsUITests.swift in Sources */ = {isa = PBXBuildFile; fileRef = 8BC1208E2BA0920E0099A105 /* RootsUITests.swift */; };
		8BC120912BA0920E0099A105 /* RootsUITestsLaunchTests.swift in Sources */ = {isa = PBXBuildFile; fileRef = 8BC120902BA0920E0099A105 /* RootsUITestsLaunchTests.swift */; };
		8BC1209E2BA0CAE50099A105 /* SplashView.swift in Sources */ = {isa = PBXBuildFile; fileRef = 8BC1209D2BA0CAE50099A105 /* SplashView.swift */; };
		8BC120A12BA127B60099A105 /* HomePageView.swift in Sources */ = {isa = PBXBuildFile; fileRef = 8BC120A02BA127B60099A105 /* HomePageView.swift */; };
		8BC120A32BA127D00099A105 /* PlantListView.swift in Sources */ = {isa = PBXBuildFile; fileRef = 8BC120A22BA127D00099A105 /* PlantListView.swift */; };
		8BC120A52BA127E40099A105 /* ProfilePageView.swift in Sources */ = {isa = PBXBuildFile; fileRef = 8BC120A42BA127E40099A105 /* ProfilePageView.swift */; };
		8BC120A72BA127F30099A105 /* SettingsPageView.swift in Sources */ = {isa = PBXBuildFile; fileRef = 8BC120A62BA127F30099A105 /* SettingsPageView.swift */; };
		8BC120B02BA1D69D0099A105 /* AddPlantView.swift in Sources */ = {isa = PBXBuildFile; fileRef = 8BC120AF2BA1D69D0099A105 /* AddPlantView.swift */; };
		8BC120B22BA1E9100099A105 /* ImageStorage.swift in Sources */ = {isa = PBXBuildFile; fileRef = 8BC120B12BA1E9100099A105 /* ImageStorage.swift */; };
/* End PBXBuildFile section */

/* Begin PBXContainerItemProxy section */
		8BC120812BA0920E0099A105 /* PBXContainerItemProxy */ = {
			isa = PBXContainerItemProxy;
			containerPortal = 8BC120632BA0920C0099A105 /* Project object */;
			proxyType = 1;
			remoteGlobalIDString = 8BC1206A2BA0920C0099A105;
			remoteInfo = Roots;
		};
		8BC1208B2BA0920E0099A105 /* PBXContainerItemProxy */ = {
			isa = PBXContainerItemProxy;
			containerPortal = 8BC120632BA0920C0099A105 /* Project object */;
			proxyType = 1;
			remoteGlobalIDString = 8BC1206A2BA0920C0099A105;
			remoteInfo = Roots;
		};
/* End PBXContainerItemProxy section */

/* Begin PBXFileReference section */
		8BC1206B2BA0920C0099A105 /* Roots.app */ = {isa = PBXFileReference; explicitFileType = wrapper.application; includeInIndex = 0; path = Roots.app; sourceTree = BUILT_PRODUCTS_DIR; };
		8BC1206E2BA0920C0099A105 /* RootsApp.swift */ = {isa = PBXFileReference; lastKnownFileType = sourcecode.swift; path = RootsApp.swift; sourceTree = "<group>"; };
		8BC120702BA0920C0099A105 /* ContentView.swift */ = {isa = PBXFileReference; lastKnownFileType = sourcecode.swift; path = ContentView.swift; sourceTree = "<group>"; };
		8BC120722BA0920E0099A105 /* Assets.xcassets */ = {isa = PBXFileReference; lastKnownFileType = folder.assetcatalog; path = Assets.xcassets; sourceTree = "<group>"; };
		8BC120752BA0920E0099A105 /* Preview Assets.xcassets */ = {isa = PBXFileReference; lastKnownFileType = folder.assetcatalog; path = "Preview Assets.xcassets"; sourceTree = "<group>"; };
		8BC120772BA0920E0099A105 /* Persistence.swift */ = {isa = PBXFileReference; lastKnownFileType = sourcecode.swift; path = Persistence.swift; sourceTree = "<group>"; };
		8BC1207A2BA0920E0099A105 /* Roots.xcdatamodel */ = {isa = PBXFileReference; lastKnownFileType = wrapper.xcdatamodel; path = Roots.xcdatamodel; sourceTree = "<group>"; };
		8BC120802BA0920E0099A105 /* RootsTests.xctest */ = {isa = PBXFileReference; explicitFileType = wrapper.cfbundle; includeInIndex = 0; path = RootsTests.xctest; sourceTree = BUILT_PRODUCTS_DIR; };
		8BC120842BA0920E0099A105 /* RootsTests.swift */ = {isa = PBXFileReference; lastKnownFileType = sourcecode.swift; path = RootsTests.swift; sourceTree = "<group>"; };
		8BC1208A2BA0920E0099A105 /* RootsUITests.xctest */ = {isa = PBXFileReference; explicitFileType = wrapper.cfbundle; includeInIndex = 0; path = RootsUITests.xctest; sourceTree = BUILT_PRODUCTS_DIR; };
		8BC1208E2BA0920E0099A105 /* RootsUITests.swift */ = {isa = PBXFileReference; lastKnownFileType = sourcecode.swift; path = RootsUITests.swift; sourceTree = "<group>"; };
		8BC120902BA0920E0099A105 /* RootsUITestsLaunchTests.swift */ = {isa = PBXFileReference; lastKnownFileType = sourcecode.swift; path = RootsUITestsLaunchTests.swift; sourceTree = "<group>"; };
		8BC1209D2BA0CAE50099A105 /* SplashView.swift */ = {isa = PBXFileReference; lastKnownFileType = sourcecode.swift; path = SplashView.swift; sourceTree = "<group>"; };
		8BC1209F2BA0FC9D0099A105 /* Info.plist */ = {isa = PBXFileReference; lastKnownFileType = text.plist; path = Info.plist; sourceTree = "<group>"; };
		8BC120A02BA127B60099A105 /* HomePageView.swift */ = {isa = PBXFileReference; lastKnownFileType = sourcecode.swift; path = HomePageView.swift; sourceTree = "<group>"; };
		8BC120A22BA127D00099A105 /* PlantListView.swift */ = {isa = PBXFileReference; lastKnownFileType = sourcecode.swift; path = PlantListView.swift; sourceTree = "<group>"; };
		8BC120A42BA127E40099A105 /* ProfilePageView.swift */ = {isa = PBXFileReference; lastKnownFileType = sourcecode.swift; path = ProfilePageView.swift; sourceTree = "<group>"; };
		8BC120A62BA127F30099A105 /* SettingsPageView.swift */ = {isa = PBXFileReference; lastKnownFileType = sourcecode.swift; path = SettingsPageView.swift; sourceTree = "<group>"; };
		8BC120AF2BA1D69D0099A105 /* AddPlantView.swift */ = {isa = PBXFileReference; lastKnownFileType = sourcecode.swift; path = AddPlantView.swift; sourceTree = "<group>"; };
		8BC120B12BA1E9100099A105 /* ImageStorage.swift */ = {isa = PBXFileReference; lastKnownFileType = sourcecode.swift; path = ImageStorage.swift; sourceTree = "<group>"; };
/* End PBXFileReference section */

/* Begin PBXFrameworksBuildPhase section */
		8BC120682BA0920C0099A105 /* Frameworks */ = {
			isa = PBXFrameworksBuildPhase;
			buildActionMask = 2147483647;
			files = (
			);
			runOnlyForDeploymentPostprocessing = 0;
		};
		8BC1207D2BA0920E0099A105 /* Frameworks */ = {
			isa = PBXFrameworksBuildPhase;
			buildActionMask = 2147483647;
			files = (
			);
			runOnlyForDeploymentPostprocessing = 0;
		};
		8BC120872BA0920E0099A105 /* Frameworks */ = {
			isa = PBXFrameworksBuildPhase;
			buildActionMask = 2147483647;
			files = (
			);
			runOnlyForDeploymentPostprocessing = 0;
		};
/* End PBXFrameworksBuildPhase section */

/* Begin PBXGroup section */
		8BC120622BA0920C0099A105 = {
			isa = PBXGroup;
			children = (
				8BC1206D2BA0920C0099A105 /* Roots */,
				8BC120832BA0920E0099A105 /* RootsTests */,
				8BC1208D2BA0920E0099A105 /* RootsUITests */,
				8BC1206C2BA0920C0099A105 /* Products */,
			);
			sourceTree = "<group>";
		};
		8BC1206C2BA0920C0099A105 /* Products */ = {
			isa = PBXGroup;
			children = (
				8BC1206B2BA0920C0099A105 /* Roots.app */,
				8BC120802BA0920E0099A105 /* RootsTests.xctest */,
				8BC1208A2BA0920E0099A105 /* RootsUITests.xctest */,
			);
			name = Products;
			sourceTree = "<group>";
		};
		8BC1206D2BA0920C0099A105 /* Roots */ = {
			isa = PBXGroup;
			children = (
				8BC1209F2BA0FC9D0099A105 /* Info.plist */,
				8BC120702BA0920C0099A105 /* ContentView.swift */,
				8BC120A62BA127F30099A105 /* SettingsPageView.swift */,
				8BC120A42BA127E40099A105 /* ProfilePageView.swift */,
				8BC120A22BA127D00099A105 /* PlantListView.swift */,
				8BC120B12BA1E9100099A105 /* ImageStorage.swift */,
				8BC120AF2BA1D69D0099A105 /* AddPlantView.swift */,
				8BC120A02BA127B60099A105 /* HomePageView.swift */,
				8BC120772BA0920E0099A105 /* Persistence.swift */,
				8BC120722BA0920E0099A105 /* Assets.xcassets */,
				8BC1209D2BA0CAE50099A105 /* SplashView.swift */,
				8BC120792BA0920E0099A105 /* Roots.xcdatamodeld */,
				8BC1206E2BA0920C0099A105 /* RootsApp.swift */,
				8BC120742BA0920E0099A105 /* Preview Content */,
			);
			path = Roots;
			sourceTree = "<group>";
		};
		8BC120742BA0920E0099A105 /* Preview Content */ = {
			isa = PBXGroup;
			children = (
				8BC120752BA0920E0099A105 /* Preview Assets.xcassets */,
			);
			path = "Preview Content";
			sourceTree = "<group>";
		};
		8BC120832BA0920E0099A105 /* RootsTests */ = {
			isa = PBXGroup;
			children = (
				8BC120842BA0920E0099A105 /* RootsTests.swift */,
			);
			path = RootsTests;
			sourceTree = "<group>";
		};
		8BC1208D2BA0920E0099A105 /* RootsUITests */ = {
			isa = PBXGroup;
			children = (
				8BC1208E2BA0920E0099A105 /* RootsUITests.swift */,
				8BC120902BA0920E0099A105 /* RootsUITestsLaunchTests.swift */,
			);
			path = RootsUITests;
			sourceTree = "<group>";
		};
/* End PBXGroup section */

/* Begin PBXNativeTarget section */
		8BC1206A2BA0920C0099A105 /* Roots */ = {
			isa = PBXNativeTarget;
			buildConfigurationList = 8BC120942BA0920E0099A105 /* Build configuration list for PBXNativeTarget "Roots" */;
			buildPhases = (
				8BC120672BA0920C0099A105 /* Sources */,
				8BC120682BA0920C0099A105 /* Frameworks */,
				8BC120692BA0920C0099A105 /* Resources */,
			);
			buildRules = (
			);
			dependencies = (
			);
			name = Roots;
			productName = Roots;
			productReference = 8BC1206B2BA0920C0099A105 /* Roots.app */;
			productType = "com.apple.product-type.application";
		};
		8BC1207F2BA0920E0099A105 /* RootsTests */ = {
			isa = PBXNativeTarget;
			buildConfigurationList = 8BC120972BA0920E0099A105 /* Build configuration list for PBXNativeTarget "RootsTests" */;
			buildPhases = (
				8BC1207C2BA0920E0099A105 /* Sources */,
				8BC1207D2BA0920E0099A105 /* Frameworks */,
				8BC1207E2BA0920E0099A105 /* Resources */,
			);
			buildRules = (
			);
			dependencies = (
				8BC120822BA0920E0099A105 /* PBXTargetDependency */,
			);
			name = RootsTests;
			productName = RootsTests;
			productReference = 8BC120802BA0920E0099A105 /* RootsTests.xctest */;
			productType = "com.apple.product-type.bundle.unit-test";
		};
		8BC120892BA0920E0099A105 /* RootsUITests */ = {
			isa = PBXNativeTarget;
			buildConfigurationList = 8BC1209A2BA0920E0099A105 /* Build configuration list for PBXNativeTarget "RootsUITests" */;
			buildPhases = (
				8BC120862BA0920E0099A105 /* Sources */,
				8BC120872BA0920E0099A105 /* Frameworks */,
				8BC120882BA0920E0099A105 /* Resources */,
			);
			buildRules = (
			);
			dependencies = (
				8BC1208C2BA0920E0099A105 /* PBXTargetDependency */,
			);
			name = RootsUITests;
			productName = RootsUITests;
			productReference = 8BC1208A2BA0920E0099A105 /* RootsUITests.xctest */;
			productType = "com.apple.product-type.bundle.ui-testing";
		};
/* End PBXNativeTarget section */

/* Begin PBXProject section */
		8BC120632BA0920C0099A105 /* Project object */ = {
			isa = PBXProject;
			attributes = {
				BuildIndependentTargetsInParallel = 1;
				LastSwiftUpdateCheck = 1520;
				LastUpgradeCheck = 1520;
				TargetAttributes = {
					8BC1206A2BA0920C0099A105 = {
						CreatedOnToolsVersion = 15.2;
					};
					8BC1207F2BA0920E0099A105 = {
						CreatedOnToolsVersion = 15.2;
						TestTargetID = 8BC1206A2BA0920C0099A105;
					};
					8BC120892BA0920E0099A105 = {
						CreatedOnToolsVersion = 15.2;
						TestTargetID = 8BC1206A2BA0920C0099A105;
					};
				};
			};
			buildConfigurationList = 8BC120662BA0920C0099A105 /* Build configuration list for PBXProject "Roots" */;
			compatibilityVersion = "Xcode 14.0";
			developmentRegion = en;
			hasScannedForEncodings = 0;
			knownRegions = (
				en,
				Base,
			);
			mainGroup = 8BC120622BA0920C0099A105;
			productRefGroup = 8BC1206C2BA0920C0099A105 /* Products */;
			projectDirPath = "";
			projectRoot = "";
			targets = (
				8BC1206A2BA0920C0099A105 /* Roots */,
				8BC1207F2BA0920E0099A105 /* RootsTests */,
				8BC120892BA0920E0099A105 /* RootsUITests */,
			);
		};
/* End PBXProject section */

/* Begin PBXResourcesBuildPhase section */
		8BC120692BA0920C0099A105 /* Resources */ = {
			isa = PBXResourcesBuildPhase;
			buildActionMask = 2147483647;
			files = (
				8BC120762BA0920E0099A105 /* Preview Assets.xcassets in Resources */,
				8BC120732BA0920E0099A105 /* Assets.xcassets in Resources */,
			);
			runOnlyForDeploymentPostprocessing = 0;
		};
		8BC1207E2BA0920E0099A105 /* Resources */ = {
			isa = PBXResourcesBuildPhase;
			buildActionMask = 2147483647;
			files = (
			);
			runOnlyForDeploymentPostprocessing = 0;
		};
		8BC120882BA0920E0099A105 /* Resources */ = {
			isa = PBXResourcesBuildPhase;
			buildActionMask = 2147483647;
			files = (
			);
			runOnlyForDeploymentPostprocessing = 0;
		};
/* End PBXResourcesBuildPhase section */

/* Begin PBXSourcesBuildPhase section */
		8BC120672BA0920C0099A105 /* Sources */ = {
			isa = PBXSourcesBuildPhase;
			buildActionMask = 2147483647;
			files = (
				8BC120782BA0920E0099A105 /* Persistence.swift in Sources */,
				8BC120A52BA127E40099A105 /* ProfilePageView.swift in Sources */,
				8BC1207B2BA0920E0099A105 /* Roots.xcdatamodeld in Sources */,
				8BC1209E2BA0CAE50099A105 /* SplashView.swift in Sources */,
				8BC120B22BA1E9100099A105 /* ImageStorage.swift in Sources */,
				8BC120B02BA1D69D0099A105 /* AddPlantView.swift in Sources */,
				8BC120A32BA127D00099A105 /* PlantListView.swift in Sources */,
				8BC120A72BA127F30099A105 /* SettingsPageView.swift in Sources */,
				8BC120712BA0920C0099A105 /* ContentView.swift in Sources */,
				8BC120A12BA127B60099A105 /* HomePageView.swift in Sources */,
				8BC1206F2BA0920C0099A105 /* RootsApp.swift in Sources */,
			);
			runOnlyForDeploymentPostprocessing = 0;
		};
		8BC1207C2BA0920E0099A105 /* Sources */ = {
			isa = PBXSourcesBuildPhase;
			buildActionMask = 2147483647;
			files = (
				8BC120852BA0920E0099A105 /* RootsTests.swift in Sources */,
			);
			runOnlyForDeploymentPostprocessing = 0;
		};
		8BC120862BA0920E0099A105 /* Sources */ = {
			isa = PBXSourcesBuildPhase;
			buildActionMask = 2147483647;
			files = (
				8BC120912BA0920E0099A105 /* RootsUITestsLaunchTests.swift in Sources */,
				8BC1208F2BA0920E0099A105 /* RootsUITests.swift in Sources */,
			);
			runOnlyForDeploymentPostprocessing = 0;
		};
/* End PBXSourcesBuildPhase section */

/* Begin PBXTargetDependency section */
		8BC120822BA0920E0099A105 /* PBXTargetDependency */ = {
			isa = PBXTargetDependency;
			target = 8BC1206A2BA0920C0099A105 /* Roots */;
			targetProxy = 8BC120812BA0920E0099A105 /* PBXContainerItemProxy */;
		};
		8BC1208C2BA0920E0099A105 /* PBXTargetDependency */ = {
			isa = PBXTargetDependency;
			target = 8BC1206A2BA0920C0099A105 /* Roots */;
			targetProxy = 8BC1208B2BA0920E0099A105 /* PBXContainerItemProxy */;
		};
/* End PBXTargetDependency section */

/* Begin XCBuildConfiguration section */
		8BC120922BA0920E0099A105 /* Debug */ = {
			isa = XCBuildConfiguration;
			buildSettings = {
				ALWAYS_SEARCH_USER_PATHS = NO;
				ASSETCATALOG_COMPILER_GENERATE_SWIFT_ASSET_SYMBOL_EXTENSIONS = YES;
				CLANG_ANALYZER_NONNULL = YES;
				CLANG_ANALYZER_NUMBER_OBJECT_CONVERSION = YES_AGGRESSIVE;
				CLANG_CXX_LANGUAGE_STANDARD = "gnu++20";
				CLANG_ENABLE_MODULES = YES;
				CLANG_ENABLE_OBJC_ARC = YES;
				CLANG_ENABLE_OBJC_WEAK = YES;
				CLANG_WARN_BLOCK_CAPTURE_AUTORELEASING = YES;
				CLANG_WARN_BOOL_CONVERSION = YES;
				CLANG_WARN_COMMA = YES;
				CLANG_WARN_CONSTANT_CONVERSION = YES;
				CLANG_WARN_DEPRECATED_OBJC_IMPLEMENTATIONS = YES;
				CLANG_WARN_DIRECT_OBJC_ISA_USAGE = YES_ERROR;
				CLANG_WARN_DOCUMENTATION_COMMENTS = YES;
				CLANG_WARN_EMPTY_BODY = YES;
				CLANG_WARN_ENUM_CONVERSION = YES;
				CLANG_WARN_INFINITE_RECURSION = YES;
				CLANG_WARN_INT_CONVERSION = YES;
				CLANG_WARN_NON_LITERAL_NULL_CONVERSION = YES;
				CLANG_WARN_OBJC_IMPLICIT_RETAIN_SELF = YES;
				CLANG_WARN_OBJC_LITERAL_CONVERSION = YES;
				CLANG_WARN_OBJC_ROOT_CLASS = YES_ERROR;
				CLANG_WARN_QUOTED_INCLUDE_IN_FRAMEWORK_HEADER = YES;
				CLANG_WARN_RANGE_LOOP_ANALYSIS = YES;
				CLANG_WARN_STRICT_PROTOTYPES = YES;
				CLANG_WARN_SUSPICIOUS_MOVE = YES;
				CLANG_WARN_UNGUARDED_AVAILABILITY = YES_AGGRESSIVE;
				CLANG_WARN_UNREACHABLE_CODE = YES;
				CLANG_WARN__DUPLICATE_METHOD_MATCH = YES;
				COPY_PHASE_STRIP = NO;
				DEBUG_INFORMATION_FORMAT = dwarf;
				ENABLE_STRICT_OBJC_MSGSEND = YES;
				ENABLE_TESTABILITY = YES;
				ENABLE_USER_SCRIPT_SANDBOXING = YES;
				GCC_C_LANGUAGE_STANDARD = gnu17;
				GCC_DYNAMIC_NO_PIC = NO;
				GCC_NO_COMMON_BLOCKS = YES;
				GCC_OPTIMIZATION_LEVEL = 0;
				GCC_PREPROCESSOR_DEFINITIONS = (
					"DEBUG=1",
					"$(inherited)",
				);
				GCC_WARN_64_TO_32_BIT_CONVERSION = YES;
				GCC_WARN_ABOUT_RETURN_TYPE = YES_ERROR;
				GCC_WARN_UNDECLARED_SELECTOR = YES;
				GCC_WARN_UNINITIALIZED_AUTOS = YES_AGGRESSIVE;
				GCC_WARN_UNUSED_FUNCTION = YES;
				GCC_WARN_UNUSED_VARIABLE = YES;
				IPHONEOS_DEPLOYMENT_TARGET = 17.2;
				LOCALIZATION_PREFERS_STRING_CATALOGS = YES;
				MTL_ENABLE_DEBUG_INFO = INCLUDE_SOURCE;
				MTL_FAST_MATH = YES;
				ONLY_ACTIVE_ARCH = YES;
				SDKROOT = iphoneos;
				SWIFT_ACTIVE_COMPILATION_CONDITIONS = "DEBUG $(inherited)";
				SWIFT_OPTIMIZATION_LEVEL = "-Onone";
			};
			name = Debug;
		};
		8BC120932BA0920E0099A105 /* Release */ = {
			isa = XCBuildConfiguration;
			buildSettings = {
				ALWAYS_SEARCH_USER_PATHS = NO;
				ASSETCATALOG_COMPILER_GENERATE_SWIFT_ASSET_SYMBOL_EXTENSIONS = YES;
				CLANG_ANALYZER_NONNULL = YES;
				CLANG_ANALYZER_NUMBER_OBJECT_CONVERSION = YES_AGGRESSIVE;
				CLANG_CXX_LANGUAGE_STANDARD = "gnu++20";
				CLANG_ENABLE_MODULES = YES;
				CLANG_ENABLE_OBJC_ARC = YES;
				CLANG_ENABLE_OBJC_WEAK = YES;
				CLANG_WARN_BLOCK_CAPTURE_AUTORELEASING = YES;
				CLANG_WARN_BOOL_CONVERSION = YES;
				CLANG_WARN_COMMA = YES;
				CLANG_WARN_CONSTANT_CONVERSION = YES;
				CLANG_WARN_DEPRECATED_OBJC_IMPLEMENTATIONS = YES;
				CLANG_WARN_DIRECT_OBJC_ISA_USAGE = YES_ERROR;
				CLANG_WARN_DOCUMENTATION_COMMENTS = YES;
				CLANG_WARN_EMPTY_BODY = YES;
				CLANG_WARN_ENUM_CONVERSION = YES;
				CLANG_WARN_INFINITE_RECURSION = YES;
				CLANG_WARN_INT_CONVERSION = YES;
				CLANG_WARN_NON_LITERAL_NULL_CONVERSION = YES;
				CLANG_WARN_OBJC_IMPLICIT_RETAIN_SELF = YES;
				CLANG_WARN_OBJC_LITERAL_CONVERSION = YES;
				CLANG_WARN_OBJC_ROOT_CLASS = YES_ERROR;
				CLANG_WARN_QUOTED_INCLUDE_IN_FRAMEWORK_HEADER = YES;
				CLANG_WARN_RANGE_LOOP_ANALYSIS = YES;
				CLANG_WARN_STRICT_PROTOTYPES = YES;
				CLANG_WARN_SUSPICIOUS_MOVE = YES;
				CLANG_WARN_UNGUARDED_AVAILABILITY = YES_AGGRESSIVE;
				CLANG_WARN_UNREACHABLE_CODE = YES;
				CLANG_WARN__DUPLICATE_METHOD_MATCH = YES;
				COPY_PHASE_STRIP = NO;
				DEBUG_INFORMATION_FORMAT = "dwarf-with-dsym";
				ENABLE_NS_ASSERTIONS = NO;
				ENABLE_STRICT_OBJC_MSGSEND = YES;
				ENABLE_USER_SCRIPT_SANDBOXING = YES;
				GCC_C_LANGUAGE_STANDARD = gnu17;
				GCC_NO_COMMON_BLOCKS = YES;
				GCC_WARN_64_TO_32_BIT_CONVERSION = YES;
				GCC_WARN_ABOUT_RETURN_TYPE = YES_ERROR;
				GCC_WARN_UNDECLARED_SELECTOR = YES;
				GCC_WARN_UNINITIALIZED_AUTOS = YES_AGGRESSIVE;
				GCC_WARN_UNUSED_FUNCTION = YES;
				GCC_WARN_UNUSED_VARIABLE = YES;
				IPHONEOS_DEPLOYMENT_TARGET = 17.2;
				LOCALIZATION_PREFERS_STRING_CATALOGS = YES;
				MTL_ENABLE_DEBUG_INFO = NO;
				MTL_FAST_MATH = YES;
				SDKROOT = iphoneos;
				SWIFT_COMPILATION_MODE = wholemodule;
				VALIDATE_PRODUCT = YES;
			};
			name = Release;
		};
		8BC120952BA0920E0099A105 /* Debug */ = {
			isa = XCBuildConfiguration;
			buildSettings = {
				ASSETCATALOG_COMPILER_APPICON_NAME = AppIcon;
				ASSETCATALOG_COMPILER_GLOBAL_ACCENT_COLOR_NAME = AccentColor;
				CODE_SIGN_STYLE = Automatic;
				CURRENT_PROJECT_VERSION = 1;
				DEVELOPMENT_ASSET_PATHS = "\"Roots/Preview Content\"";
				DEVELOPMENT_TEAM = 38V9KJ95SQ;
				ENABLE_PREVIEWS = YES;
				GENERATE_INFOPLIST_FILE = YES;
				INFOPLIST_FILE = Roots/Info.plist;
				INFOPLIST_KEY_LSApplicationCategoryType = "public.app-category.lifestyle";
				INFOPLIST_KEY_UIApplicationSceneManifest_Generation = YES;
				INFOPLIST_KEY_UIApplicationSupportsIndirectInputEvents = YES;
				INFOPLIST_KEY_UILaunchScreen_Generation = YES;
				INFOPLIST_KEY_UISupportedInterfaceOrientations_iPad = "UIInterfaceOrientationPortrait UIInterfaceOrientationPortraitUpsideDown UIInterfaceOrientationLandscapeLeft UIInterfaceOrientationLandscapeRight";
				INFOPLIST_KEY_UISupportedInterfaceOrientations_iPhone = "UIInterfaceOrientationPortrait UIInterfaceOrientationLandscapeLeft UIInterfaceOrientationLandscapeRight";
				LD_RUNPATH_SEARCH_PATHS = (
					"$(inherited)",
					"@executable_path/Frameworks",
				);
				MARKETING_VERSION = 1.0;
				PRODUCT_BUNDLE_IDENTIFIER = roots.RootsApp;
				PRODUCT_NAME = "$(TARGET_NAME)";
				SWIFT_EMIT_LOC_STRINGS = YES;
				SWIFT_VERSION = 5.0;
				TARGETED_DEVICE_FAMILY = "1,2";
			};
			name = Debug;
		};
		8BC120962BA0920E0099A105 /* Release */ = {
			isa = XCBuildConfiguration;
			buildSettings = {
				ASSETCATALOG_COMPILER_APPICON_NAME = AppIcon;
				ASSETCATALOG_COMPILER_GLOBAL_ACCENT_COLOR_NAME = AccentColor;
				CODE_SIGN_STYLE = Automatic;
				CURRENT_PROJECT_VERSION = 1;
				DEVELOPMENT_ASSET_PATHS = "\"Roots/Preview Content\"";
				DEVELOPMENT_TEAM = 38V9KJ95SQ;
				ENABLE_PREVIEWS = YES;
				GENERATE_INFOPLIST_FILE = YES;
				INFOPLIST_FILE = Roots/Info.plist;
				INFOPLIST_KEY_LSApplicationCategoryType = "public.app-category.lifestyle";
				INFOPLIST_KEY_UIApplicationSceneManifest_Generation = YES;
				INFOPLIST_KEY_UIApplicationSupportsIndirectInputEvents = YES;
				INFOPLIST_KEY_UILaunchScreen_Generation = YES;
				INFOPLIST_KEY_UISupportedInterfaceOrientations_iPad = "UIInterfaceOrientationPortrait UIInterfaceOrientationPortraitUpsideDown UIInterfaceOrientationLandscapeLeft UIInterfaceOrientationLandscapeRight";
				INFOPLIST_KEY_UISupportedInterfaceOrientations_iPhone = "UIInterfaceOrientationPortrait UIInterfaceOrientationLandscapeLeft UIInterfaceOrientationLandscapeRight";
				LD_RUNPATH_SEARCH_PATHS = (
					"$(inherited)",
					"@executable_path/Frameworks",
				);
				MARKETING_VERSION = 1.0;
				PRODUCT_BUNDLE_IDENTIFIER = roots.RootsApp;
				PRODUCT_NAME = "$(TARGET_NAME)";
				SWIFT_EMIT_LOC_STRINGS = YES;
				SWIFT_VERSION = 5.0;
				TARGETED_DEVICE_FAMILY = "1,2";
			};
			name = Release;
		};
		8BC120982BA0920E0099A105 /* Debug */ = {
			isa = XCBuildConfiguration;
			buildSettings = {
				ALWAYS_EMBED_SWIFT_STANDARD_LIBRARIES = YES;
				BUNDLE_LOADER = "$(TEST_HOST)";
				CODE_SIGN_STYLE = Automatic;
				CURRENT_PROJECT_VERSION = 1;
				DEVELOPMENT_TEAM = 38V9KJ95SQ;
				GENERATE_INFOPLIST_FILE = YES;
				IPHONEOS_DEPLOYMENT_TARGET = 17.2;
				MARKETING_VERSION = 1.0;
				PRODUCT_BUNDLE_IDENTIFIER = roots.RootsTests;
				PRODUCT_NAME = "$(TARGET_NAME)";
				SWIFT_EMIT_LOC_STRINGS = NO;
				SWIFT_VERSION = 5.0;
				TARGETED_DEVICE_FAMILY = "1,2";
				TEST_HOST = "$(BUILT_PRODUCTS_DIR)/Roots.app/$(BUNDLE_EXECUTABLE_FOLDER_PATH)/Roots";
			};
			name = Debug;
		};
		8BC120992BA0920E0099A105 /* Release */ = {
			isa = XCBuildConfiguration;
			buildSettings = {
				ALWAYS_EMBED_SWIFT_STANDARD_LIBRARIES = YES;
				BUNDLE_LOADER = "$(TEST_HOST)";
				CODE_SIGN_STYLE = Automatic;
				CURRENT_PROJECT_VERSION = 1;
				DEVELOPMENT_TEAM = 38V9KJ95SQ;
				GENERATE_INFOPLIST_FILE = YES;
				IPHONEOS_DEPLOYMENT_TARGET = 17.2;
				MARKETING_VERSION = 1.0;
				PRODUCT_BUNDLE_IDENTIFIER = roots.RootsTests;
				PRODUCT_NAME = "$(TARGET_NAME)";
				SWIFT_EMIT_LOC_STRINGS = NO;
				SWIFT_VERSION = 5.0;
				TARGETED_DEVICE_FAMILY = "1,2";
				TEST_HOST = "$(BUILT_PRODUCTS_DIR)/Roots.app/$(BUNDLE_EXECUTABLE_FOLDER_PATH)/Roots";
			};
			name = Release;
		};
		8BC1209B2BA0920E0099A105 /* Debug */ = {
			isa = XCBuildConfiguration;
			buildSettings = {
				ALWAYS_EMBED_SWIFT_STANDARD_LIBRARIES = YES;
				CODE_SIGN_STYLE = Automatic;
				CURRENT_PROJECT_VERSION = 1;
				DEVELOPMENT_TEAM = 38V9KJ95SQ;
				GENERATE_INFOPLIST_FILE = YES;
				MARKETING_VERSION = 1.0;
				PRODUCT_BUNDLE_IDENTIFIER = roots.RootsUITests;
				PRODUCT_NAME = "$(TARGET_NAME)";
				SWIFT_EMIT_LOC_STRINGS = NO;
				SWIFT_VERSION = 5.0;
				TARGETED_DEVICE_FAMILY = "1,2";
				TEST_TARGET_NAME = Roots;
			};
			name = Debug;
		};
		8BC1209C2BA0920E0099A105 /* Release */ = {
			isa = XCBuildConfiguration;
			buildSettings = {
				ALWAYS_EMBED_SWIFT_STANDARD_LIBRARIES = YES;
				CODE_SIGN_STYLE = Automatic;
				CURRENT_PROJECT_VERSION = 1;
				DEVELOPMENT_TEAM = 38V9KJ95SQ;
				GENERATE_INFOPLIST_FILE = YES;
				MARKETING_VERSION = 1.0;
				PRODUCT_BUNDLE_IDENTIFIER = roots.RootsUITests;
				PRODUCT_NAME = "$(TARGET_NAME)";
				SWIFT_EMIT_LOC_STRINGS = NO;
				SWIFT_VERSION = 5.0;
				TARGETED_DEVICE_FAMILY = "1,2";
				TEST_TARGET_NAME = Roots;
			};
			name = Release;
		};
/* End XCBuildConfiguration section */

/* Begin XCConfigurationList section */
		8BC120662BA0920C0099A105 /* Build configuration list for PBXProject "Roots" */ = {
			isa = XCConfigurationList;
			buildConfigurations = (
				8BC120922BA0920E0099A105 /* Debug */,
				8BC120932BA0920E0099A105 /* Release */,
			);
			defaultConfigurationIsVisible = 0;
			defaultConfigurationName = Release;
		};
		8BC120942BA0920E0099A105 /* Build configuration list for PBXNativeTarget "Roots" */ = {
			isa = XCConfigurationList;
			buildConfigurations = (
				8BC120952BA0920E0099A105 /* Debug */,
				8BC120962BA0920E0099A105 /* Release */,
			);
			defaultConfigurationIsVisible = 0;
			defaultConfigurationName = Release;
		};
		8BC120972BA0920E0099A105 /* Build configuration list for PBXNativeTarget "RootsTests" */ = {
			isa = XCConfigurationList;
			buildConfigurations = (
				8BC120982BA0920E0099A105 /* Debug */,
				8BC120992BA0920E0099A105 /* Release */,
			);
			defaultConfigurationIsVisible = 0;
			defaultConfigurationName = Release;
		};
		8BC1209A2BA0920E0099A105 /* Build configuration list for PBXNativeTarget "RootsUITests" */ = {
			isa = XCConfigurationList;
			buildConfigurations = (
				8BC1209B2BA0920E0099A105 /* Debug */,
				8BC1209C2BA0920E0099A105 /* Release */,
			);
			defaultConfigurationIsVisible = 0;
			defaultConfigurationName = Release;
		};
/* End XCConfigurationList section */

/* Begin XCVersionGroup section */
		8BC120792BA0920E0099A105 /* Roots.xcdatamodeld */ = {
			isa = XCVersionGroup;
			children = (
				8BC1207A2BA0920E0099A105 /* Roots.xcdatamodel */,
			);
			currentVersion = 8BC1207A2BA0920E0099A105 /* Roots.xcdatamodel */;
			path = Roots.xcdatamodeld;
			sourceTree = "<group>";
			versionGroupType = wrapper.xcdatamodel;
		};
/* End XCVersionGroup section */
	};
	rootObject = 8BC120632BA0920C0099A105 /* Project object */;
}
